
Microsoft Visual Studio Solution File, Format Version 12.00
# Visual Studio Version 17
VisualStudioVersion = 17.2.32505.173
MinimumVisualStudioVersion = 10.0.40219.1
Project("{9A19103F-16F7-4668-BE54-9A1E7A4F7556}") = "Server.Auth", "Server\Server.Auth.csproj", "{F9ABFFD6-763A-4549-8ABE-9E41DD503669}"
EndProject
Project("{9A19103F-16F7-4668-BE54-9A1E7A4F7556}") = "API", "API\API.csproj", "{D9EBBA6C-5EA5-4A94-850E-331BF7602AA7}"
EndProject
Project("{9A19103F-16F7-4668-BE54-9A1E7A4F7556}") = "WebMVC.Client", "WebMVC.Client\WebMVC.Client.csproj", "{CF89F95A-9727-402B-B908-81D2982DE2F0}"
EndProject
Global
	GlobalSection(SolutionConfigurationPlatforms) = preSolution
		Debug|Any CPU = Debug|Any CPU
		Release|Any CPU = Release|Any CPU
	EndGlobalSection
	GlobalSection(ProjectConfigurationPlatforms) = postSolution
		{F9ABFFD6-763A-4549-8ABE-9E41DD503669}.Debug|Any CPU.ActiveCfg = Debug|Any CPU
		{F9ABFFD6-763A-4549-8ABE-9E41DD503669}.Debug|Any CPU.Build.0 = Debug|Any CPU
		{F9ABFFD6-763A-4549-8ABE-9E41DD503669}.Release|Any CPU.ActiveCfg = Release|Any CPU
		{F9ABFFD6-763A-4549-8ABE-9E41DD503669}.Release|Any CPU.Build.0 = Release|Any CPU
		{D9EBBA6C-5EA5-4A94-850E-331BF7602AA7}.Debug|Any CPU.ActiveCfg = Debug|Any CPU
		{D9EBBA6C-5EA5-4A94-850E-331BF7602AA7}.Debug|Any CPU.Build.0 = Debug|Any CPU
		{D9EBBA6C-5EA5-4A94-850E-331BF7602AA7}.Release|Any CPU.ActiveCfg = Release|Any CPU
		{D9EBBA6C-5EA5-4A94-850E-331BF7602AA7}.Release|Any CPU.Build.0 = Release|Any CPU
		{CF89F95A-9727-402B-B908-81D2982DE2F0}.Debug|Any CPU.ActiveCfg = Debug|Any CPU
		{CF89F95A-9727-402B-B908-81D2982DE2F0}.Debug|Any CPU.Build.0 = Debug|Any CPU
		{CF89F95A-9727-402B-B908-81D2982DE2F0}.Release|Any CPU.ActiveCfg = Release|Any CPU
		{CF89F95A-9727-402B-B908-81D2982DE2F0}.Release|Any CPU.Build.0 = Release|Any CPU
	EndGlobalSection
	GlobalSection(SolutionProperties) = preSolution
		HideSolutionNode = FALSE
	EndGlobalSection
	GlobalSection(ExtensibilityGlobals) = postSolution
		SolutionGuid = {D87AE02D-A554-456C-8A66-CD606B018125}
	EndGlobalSection
EndGlobal
